
Microsoft Visual Studio Solution File, Format Version 12.00
# Visual Studio 2013
VisualStudioVersion = 12.0.40629.0
MinimumVisualStudioVersion = 10.0.40219.1
Project("{FAE04EC0-301F-11D3-BF4B-00C04F79EFBC}") = "MvcCMS", "MvcCMS\MvcCMS.csproj", "{A0170A39-88E7-444A-BC57-D1CCF6C7D5E1}"
EndProject
Project("{FAE04EC0-301F-11D3-BF4B-00C04F79EFBC}") = "MvcCMS.Tests", "MvcCMS.Tests\MvcCMS.Tests.csproj", "{D80AB573-2A86-4E25-8CDA-157610B4FBE1}"
EndProject
Global
	GlobalSection(SolutionConfigurationPlatforms) = preSolution
		Debug|Any CPU = Debug|Any CPU
		Release|Any CPU = Release|Any CPU
	EndGlobalSection
	GlobalSection(ProjectConfigurationPlatforms) = postSolution
		{A0170A39-88E7-444A-BC57-D1CCF6C7D5E1}.Debug|Any CPU.ActiveCfg = Debug|Any CPU
		{A0170A39-88E7-444A-BC57-D1CCF6C7D5E1}.Debug|Any CPU.Build.0 = Debug|Any CPU
		{A0170A39-88E7-444A-BC57-D1CCF6C7D5E1}.Release|Any CPU.ActiveCfg = Release|Any CPU
		{A0170A39-88E7-444A-BC57-D1CCF6C7D5E1}.Release|Any CPU.Build.0 = Release|Any CPU
		{D80AB573-2A86-4E25-8CDA-157610B4FBE1}.Debug|Any CPU.ActiveCfg = Debug|Any CPU
		{D80AB573-2A86-4E25-8CDA-157610B4FBE1}.Debug|Any CPU.Build.0 = Debug|Any CPU
		{D80AB573-2A86-4E25-8CDA-157610B4FBE1}.Release|Any CPU.ActiveCfg = Release|Any CPU
		{D80AB573-2A86-4E25-8CDA-157610B4FBE1}.Release|Any CPU.Build.0 = Release|Any CPU
	EndGlobalSection
	GlobalSection(SolutionProperties) = preSolution
		HideSolutionNode = FALSE
	EndGlobalSection
EndGlobal
